
Microsoft Visual Studio Solution File, Format Version 12.00
# Visual Studio Version 17
VisualStudioVersion = 17.7.34003.232
MinimumVisualStudioVersion = 10.0.40219.1
Project("{8BC9CEB8-8B4A-11D0-8D11-00A0C91BC942}") = "test_xor", "test_xor.vcxproj", "{4D95C63D-3452-42FF-97AC-7E51A32DBCAD}"
	ProjectSection(ProjectDependencies) = postProject
		{ACAFEE7F-E3FF-431C-AC93-E6591C0E358D} = {ACAFEE7F-E3FF-431C-AC93-E6591C0E358D}
	EndProjectSection
EndProject
Project("{8BC9CEB8-8B4A-11D0-8D11-00A0C91BC942}") = "bbcu", "..\..\..\cuda\bbcu.vcxproj", "{ACAFEE7F-E3FF-431C-AC93-E6591C0E358D}"
EndProject
Global
	GlobalSection(SolutionConfigurationPlatforms) = preSolution
		DbgCpu|x64 = DbgCpu|x64
		DbgCpu|x86 = DbgCpu|x86
		Debug|x64 = Debug|x64
		Debug|x86 = Debug|x86
		RelCpu|x64 = RelCpu|x64
		RelCpu|x86 = RelCpu|x86
		Release|x64 = Release|x64
		Release|x86 = Release|x86
	EndGlobalSection
	GlobalSection(ProjectConfigurationPlatforms) = postSolution
		{4D95C63D-3452-42FF-97AC-7E51A32DBCAD}.DbgCpu|x64.ActiveCfg = DbgCpu|x64
		{4D95C63D-3452-42FF-97AC-7E51A32DBCAD}.DbgCpu|x64.Build.0 = DbgCpu|x64
		{4D95C63D-3452-42FF-97AC-7E51A32DBCAD}.DbgCpu|x86.ActiveCfg = DbgCpu|Win32
		{4D95C63D-3452-42FF-97AC-7E51A32DBCAD}.DbgCpu|x86.Build.0 = DbgCpu|Win32
		{4D95C63D-3452-42FF-97AC-7E51A32DBCAD}.Debug|x64.ActiveCfg = Debug|x64
		{4D95C63D-3452-42FF-97AC-7E51A32DBCAD}.Debug|x64.Build.0 = Debug|x64
		{4D95C63D-3452-42FF-97AC-7E51A32DBCAD}.Debug|x86.ActiveCfg = Debug|Win32
		{4D95C63D-3452-42FF-97AC-7E51A32DBCAD}.Debug|x86.Build.0 = Debug|Win32
		{4D95C63D-3452-42FF-97AC-7E51A32DBCAD}.RelCpu|x64.ActiveCfg = RelCpu|x64
		{4D95C63D-3452-42FF-97AC-7E51A32DBCAD}.RelCpu|x64.Build.0 = RelCpu|x64
		{4D95C63D-3452-42FF-97AC-7E51A32DBCAD}.RelCpu|x86.ActiveCfg = RelCpu|Win32
		{4D95C63D-3452-42FF-97AC-7E51A32DBCAD}.RelCpu|x86.Build.0 = RelCpu|Win32
		{4D95C63D-3452-42FF-97AC-7E51A32DBCAD}.Release|x64.ActiveCfg = Release|x64
		{4D95C63D-3452-42FF-97AC-7E51A32DBCAD}.Release|x64.Build.0 = Release|x64
		{4D95C63D-3452-42FF-97AC-7E51A32DBCAD}.Release|x86.ActiveCfg = Release|Win32
		{4D95C63D-3452-42FF-97AC-7E51A32DBCAD}.Release|x86.Build.0 = Release|Win32
		{ACAFEE7F-E3FF-431C-AC93-E6591C0E358D}.DbgCpu|x64.ActiveCfg = Debug|x64
		{ACAFEE7F-E3FF-431C-AC93-E6591C0E358D}.DbgCpu|x64.Build.0 = Debug|x64
		{ACAFEE7F-E3FF-431C-AC93-E6591C0E358D}.DbgCpu|x86.ActiveCfg = Release|x64
		{ACAFEE7F-E3FF-431C-AC93-E6591C0E358D}.DbgCpu|x86.Build.0 = Release|x64
		{ACAFEE7F-E3FF-431C-AC93-E6591C0E358D}.Debug|x64.ActiveCfg = Debug|x64
		{ACAFEE7F-E3FF-431C-AC93-E6591C0E358D}.Debug|x64.Build.0 = Debug|x64
		{ACAFEE7F-E3FF-431C-AC93-E6591C0E358D}.Debug|x86.ActiveCfg = Debug|x64
		{ACAFEE7F-E3FF-431C-AC93-E6591C0E358D}.RelCpu|x64.ActiveCfg = Release|x64
		{ACAFEE7F-E3FF-431C-AC93-E6591C0E358D}.RelCpu|x64.Build.0 = Release|x64
		{ACAFEE7F-E3FF-431C-AC93-E6591C0E358D}.RelCpu|x86.ActiveCfg = Release|x64
		{ACAFEE7F-E3FF-431C-AC93-E6591C0E358D}.RelCpu|x86.Build.0 = Release|x64
		{ACAFEE7F-E3FF-431C-AC93-E6591C0E358D}.Release|x64.ActiveCfg = Release|x64
		{ACAFEE7F-E3FF-431C-AC93-E6591C0E358D}.Release|x64.Build.0 = Release|x64
		{ACAFEE7F-E3FF-431C-AC93-E6591C0E358D}.Release|x86.ActiveCfg = Release|x64
	EndGlobalSection
	GlobalSection(SolutionProperties) = preSolution
		HideSolutionNode = FALSE
	EndGlobalSection
	GlobalSection(ExtensibilityGlobals) = postSolution
		SolutionGuid = {FB576348-1580-41DD-86A7-91BCAD9BC2F2}
	EndGlobalSection
EndGlobal
