
Microsoft Visual Studio Solution File, Format Version 12.00
# Visual Studio 15
VisualStudioVersion = 15.0.28307.438
MinimumVisualStudioVersion = 10.0.40219.1
Project("{8BC9CEB8-8B4A-11D0-8D11-00A0C91BC942}") = "test_cifar10", "test_cifar10.vcxproj", "{4D95C63D-3452-42FF-97AC-7E51A32DBCAD}"
	ProjectSection(ProjectDependencies) = postProject
		{ACAFEE7F-E3FF-431C-AC93-E6591C0E358D} = {ACAFEE7F-E3FF-431C-AC93-E6591C0E358D}
	EndProjectSection
EndProject
Project("{8BC9CEB8-8B4A-11D0-8D11-00A0C91BC942}") = "bbcu", "..\..\cuda\bbcu.vcxproj", "{ACAFEE7F-E3FF-431C-AC93-E6591C0E358D}"
EndProject
Global
	GlobalSection(SolutionConfigurationPlatforms) = preSolution
		DbgCpu|Win32 = DbgCpu|Win32
		DbgCpu|x64 = DbgCpu|x64
		Debug|Win32 = Debug|Win32
		Debug|x64 = Debug|x64
		RelCpu|Win32 = RelCpu|Win32
		RelCpu|x64 = RelCpu|x64
		Release|Win32 = Release|Win32
		Release|x64 = Release|x64
	EndGlobalSection
	GlobalSection(ProjectConfigurationPlatforms) = postSolution
		{4D95C63D-3452-42FF-97AC-7E51A32DBCAD}.DbgCpu|Win32.ActiveCfg = DbgCpu|Win32
		{4D95C63D-3452-42FF-97AC-7E51A32DBCAD}.DbgCpu|Win32.Build.0 = DbgCpu|Win32
		{4D95C63D-3452-42FF-97AC-7E51A32DBCAD}.DbgCpu|x64.ActiveCfg = DbgCpu|x64
		{4D95C63D-3452-42FF-97AC-7E51A32DBCAD}.DbgCpu|x64.Build.0 = DbgCpu|x64
		{4D95C63D-3452-42FF-97AC-7E51A32DBCAD}.Debug|Win32.ActiveCfg = Debug|Win32
		{4D95C63D-3452-42FF-97AC-7E51A32DBCAD}.Debug|Win32.Build.0 = Debug|Win32
		{4D95C63D-3452-42FF-97AC-7E51A32DBCAD}.Debug|x64.ActiveCfg = Debug|x64
		{4D95C63D-3452-42FF-97AC-7E51A32DBCAD}.Debug|x64.Build.0 = Debug|x64
		{4D95C63D-3452-42FF-97AC-7E51A32DBCAD}.RelCpu|Win32.ActiveCfg = RelCpu|Win32
		{4D95C63D-3452-42FF-97AC-7E51A32DBCAD}.RelCpu|Win32.Build.0 = RelCpu|Win32
		{4D95C63D-3452-42FF-97AC-7E51A32DBCAD}.RelCpu|x64.ActiveCfg = RelCpu|x64
		{4D95C63D-3452-42FF-97AC-7E51A32DBCAD}.RelCpu|x64.Build.0 = RelCpu|x64
		{4D95C63D-3452-42FF-97AC-7E51A32DBCAD}.Release|Win32.ActiveCfg = Release|Win32
		{4D95C63D-3452-42FF-97AC-7E51A32DBCAD}.Release|Win32.Build.0 = Release|Win32
		{4D95C63D-3452-42FF-97AC-7E51A32DBCAD}.Release|x64.ActiveCfg = Release|x64
		{4D95C63D-3452-42FF-97AC-7E51A32DBCAD}.Release|x64.Build.0 = Release|x64
		{ACAFEE7F-E3FF-431C-AC93-E6591C0E358D}.DbgCpu|Win32.ActiveCfg = DbgCpu|x64
		{ACAFEE7F-E3FF-431C-AC93-E6591C0E358D}.DbgCpu|x64.ActiveCfg = DbgCpu|x64
		{ACAFEE7F-E3FF-431C-AC93-E6591C0E358D}.DbgCpu|x64.Build.0 = DbgCpu|x64
		{ACAFEE7F-E3FF-431C-AC93-E6591C0E358D}.Debug|Win32.ActiveCfg = Debug|x64
		{ACAFEE7F-E3FF-431C-AC93-E6591C0E358D}.Debug|x64.ActiveCfg = Debug|x64
		{ACAFEE7F-E3FF-431C-AC93-E6591C0E358D}.Debug|x64.Build.0 = Debug|x64
		{ACAFEE7F-E3FF-431C-AC93-E6591C0E358D}.RelCpu|Win32.ActiveCfg = RelCpu|x64
		{ACAFEE7F-E3FF-431C-AC93-E6591C0E358D}.RelCpu|x64.ActiveCfg = RelCpu|x64
		{ACAFEE7F-E3FF-431C-AC93-E6591C0E358D}.RelCpu|x64.Build.0 = RelCpu|x64
		{ACAFEE7F-E3FF-431C-AC93-E6591C0E358D}.Release|Win32.ActiveCfg = Release|x64
		{ACAFEE7F-E3FF-431C-AC93-E6591C0E358D}.Release|x64.ActiveCfg = Release|x64
		{ACAFEE7F-E3FF-431C-AC93-E6591C0E358D}.Release|x64.Build.0 = Release|x64
	EndGlobalSection
	GlobalSection(SolutionProperties) = preSolution
		HideSolutionNode = FALSE
	EndGlobalSection
	GlobalSection(ExtensibilityGlobals) = postSolution
		SolutionGuid = {6AC5BC58-661C-438A-AA75-EE403E3EDE93}
	EndGlobalSection
EndGlobal
