
Microsoft Visual Studio Solution File, Format Version 12.00
# Visual Studio Version 17
VisualStudioVersion = 17.7.34003.232
MinimumVisualStudioVersion = 10.0.40219.1
Project("{8BC9CEB8-8B4A-11D0-8D11-00A0C91BC942}") = "gtest", "gtest.vcxproj", "{9A9C7AD9-1066-4DEA-A945-0D835BBF96E9}"
	ProjectSection(ProjectDependencies) = postProject
		{FEADE517-59B9-4551-AD9D-D181A1442EA7} = {FEADE517-59B9-4551-AD9D-D181A1442EA7}
	EndProjectSection
EndProject
Project("{8BC9CEB8-8B4A-11D0-8D11-00A0C91BC942}") = "bbcu", "..\..\cuda\bbcu.vcxproj", "{FEADE517-59B9-4551-AD9D-D181A1442EA7}"
EndProject
Global
	GlobalSection(SolutionConfigurationPlatforms) = preSolution
		DbgCpu|x64 = DbgCpu|x64
		DbgCpu|x86 = DbgCpu|x86
		Debug|x64 = Debug|x64
		Debug|x86 = Debug|x86
		RelCpu|x64 = RelCpu|x64
		RelCpu|x86 = RelCpu|x86
		Release|x64 = Release|x64
		Release|x86 = Release|x86
	EndGlobalSection
	GlobalSection(ProjectConfigurationPlatforms) = postSolution
		{9A9C7AD9-1066-4DEA-A945-0D835BBF96E9}.DbgCpu|x64.ActiveCfg = DbgCpu|x64
		{9A9C7AD9-1066-4DEA-A945-0D835BBF96E9}.DbgCpu|x64.Build.0 = DbgCpu|x64
		{9A9C7AD9-1066-4DEA-A945-0D835BBF96E9}.DbgCpu|x86.ActiveCfg = DbgCpu|Win32
		{9A9C7AD9-1066-4DEA-A945-0D835BBF96E9}.DbgCpu|x86.Build.0 = DbgCpu|Win32
		{9A9C7AD9-1066-4DEA-A945-0D835BBF96E9}.Debug|x64.ActiveCfg = Debug|x64
		{9A9C7AD9-1066-4DEA-A945-0D835BBF96E9}.Debug|x64.Build.0 = Debug|x64
		{9A9C7AD9-1066-4DEA-A945-0D835BBF96E9}.Debug|x86.ActiveCfg = Debug|Win32
		{9A9C7AD9-1066-4DEA-A945-0D835BBF96E9}.Debug|x86.Build.0 = Debug|Win32
		{9A9C7AD9-1066-4DEA-A945-0D835BBF96E9}.RelCpu|x64.ActiveCfg = RelCpu|x64
		{9A9C7AD9-1066-4DEA-A945-0D835BBF96E9}.RelCpu|x64.Build.0 = RelCpu|x64
		{9A9C7AD9-1066-4DEA-A945-0D835BBF96E9}.RelCpu|x86.ActiveCfg = RelCpu|Win32
		{9A9C7AD9-1066-4DEA-A945-0D835BBF96E9}.RelCpu|x86.Build.0 = RelCpu|Win32
		{9A9C7AD9-1066-4DEA-A945-0D835BBF96E9}.Release|x64.ActiveCfg = Release|x64
		{9A9C7AD9-1066-4DEA-A945-0D835BBF96E9}.Release|x64.Build.0 = Release|x64
		{9A9C7AD9-1066-4DEA-A945-0D835BBF96E9}.Release|x86.ActiveCfg = Release|Win32
		{9A9C7AD9-1066-4DEA-A945-0D835BBF96E9}.Release|x86.Build.0 = Release|Win32
		{FEADE517-59B9-4551-AD9D-D181A1442EA7}.DbgCpu|x64.ActiveCfg = Debug|x64
		{FEADE517-59B9-4551-AD9D-D181A1442EA7}.DbgCpu|x64.Build.0 = Debug|x64
		{FEADE517-59B9-4551-AD9D-D181A1442EA7}.DbgCpu|x86.ActiveCfg = Debug|x64
		{FEADE517-59B9-4551-AD9D-D181A1442EA7}.DbgCpu|x86.Build.0 = Debug|x64
		{FEADE517-59B9-4551-AD9D-D181A1442EA7}.Debug|x64.ActiveCfg = Debug|x64
		{FEADE517-59B9-4551-AD9D-D181A1442EA7}.Debug|x64.Build.0 = Debug|x64
		{FEADE517-59B9-4551-AD9D-D181A1442EA7}.Debug|x86.ActiveCfg = Debug|x64
		{FEADE517-59B9-4551-AD9D-D181A1442EA7}.RelCpu|x64.ActiveCfg = Release|x64
		{FEADE517-59B9-4551-AD9D-D181A1442EA7}.RelCpu|x64.Build.0 = Release|x64
		{FEADE517-59B9-4551-AD9D-D181A1442EA7}.RelCpu|x86.ActiveCfg = Debug|x64
		{FEADE517-59B9-4551-AD9D-D181A1442EA7}.RelCpu|x86.Build.0 = Debug|x64
		{FEADE517-59B9-4551-AD9D-D181A1442EA7}.Release|x64.ActiveCfg = Release|x64
		{FEADE517-59B9-4551-AD9D-D181A1442EA7}.Release|x64.Build.0 = Release|x64
		{FEADE517-59B9-4551-AD9D-D181A1442EA7}.Release|x86.ActiveCfg = Release|x64
	EndGlobalSection
	GlobalSection(SolutionProperties) = preSolution
		HideSolutionNode = FALSE
	EndGlobalSection
	GlobalSection(ExtensibilityGlobals) = postSolution
		SolutionGuid = {F4FAEE4B-0ACA-478C-A33D-599056150B4A}
	EndGlobalSection
EndGlobal
