<?xml version="1.0" encoding="utf-8"?>
<Project ToolsVersion="4.0" xmlns="http://schemas.microsoft.com/developer/msbuild/2003">
  <ItemGroup>
    <CudaCompile Include="Binarize.cu" />
    <CudaCompile Include="HorizontalMeanVar.cu" />
    <CudaCompile Include="HorizontalSum.cu" />
    <CudaCompile Include="Im2Col.cu" />
    <CudaCompile Include="Manager.cu" />
    <CudaCompile Include="MicroMlp.cu" />
    <CudaCompile Include="ReLU.cu" />
    <CudaCompile Include="Vector.cu" />
    <CudaCompile Include="BatchNormalization.cu" />
    <CudaCompile Include="MaxPooling.cu" />
    <CudaCompile Include="Col2Im.cu" />
    <CudaCompile Include="BinaryToReal.cu" />
    <CudaCompile Include="LossSoftmaxCrossEntropy.cu" />
    <CudaCompile Include="Adam.cu" />
    <CudaCompile Include="AccuracyCategoricalClassification.cu" />
  </ItemGroup>
  <ItemGroup>
    <None Include="Makefile" />
  </ItemGroup>
  <ItemGroup>
    <Filter Include="ヘッダファイル">
      <UniqueIdentifier>{641d712f-b744-4362-9b3d-e157c86fbd31}</UniqueIdentifier>
    </Filter>
  </ItemGroup>
  <ItemGroup>
    <ClInclude Include="..\include\bbcu\bbcu.h">
      <Filter>ヘッダファイル</Filter>
    </ClInclude>
    <ClInclude Include="..\include\bbcu\bbcu_util.h">
      <Filter>ヘッダファイル</Filter>
    </ClInclude>
  </ItemGroup>
</Project>