<?xml version="1.0" encoding="utf-8"?>
<Project ToolsVersion="4.0" xmlns="http://schemas.microsoft.com/developer/msbuild/2003">
  <ItemGroup>
    <Filter Include="ヘッダファイル">
      <UniqueIdentifier>{641d712f-b744-4362-9b3d-e157c86fbd31}</UniqueIdentifier>
    </Filter>
    <Filter Include="ソース ファイル">
      <UniqueIdentifier>{ea600b9c-b72f-4583-ab74-e525f53bce2a}</UniqueIdentifier>
    </Filter>
  </ItemGroup>
  <ItemGroup>
    <CudaCompile Include="..\..\binarybrain\src\core_bbcu.cu">
      <Filter>ソース ファイル</Filter>
    </CudaCompile>
  </ItemGroup>
  <ItemGroup>
    <ClCompile Include="..\..\binarybrain\src\core_main.cpp">
      <Filter>ソース ファイル</Filter>
    </ClCompile>
  </ItemGroup>
  <ItemGroup>
    <ClInclude Include="..\..\..\include\bb\Version.h">
      <Filter>ヘッダファイル</Filter>
    </ClInclude>
    <ClInclude Include="..\..\..\include\bb\Variables.h">
      <Filter>ヘッダファイル</Filter>
    </ClInclude>
    <ClInclude Include="..\..\..\include\bb\Activation.h">
      <Filter>ヘッダファイル</Filter>
    </ClInclude>
    <ClInclude Include="..\..\..\include\bb\Assert.h">
      <Filter>ヘッダファイル</Filter>
    </ClInclude>
    <ClInclude Include="..\..\..\include\bb\AveragePooling.h">
      <Filter>ヘッダファイル</Filter>
    </ClInclude>
    <ClInclude Include="..\..\..\include\bb\BackpropagatedBatchNormalization.h">
      <Filter>ヘッダファイル</Filter>
    </ClInclude>
    <ClInclude Include="..\..\..\include\bb\BatchNormalization.h">
      <Filter>ヘッダファイル</Filter>
    </ClInclude>
    <ClInclude Include="..\..\..\include\bb\Binarize.h">
      <Filter>ヘッダファイル</Filter>
    </ClInclude>
    <ClInclude Include="..\..\..\include\bb\BinaryLutN.h">
      <Filter>ヘッダファイル</Filter>
    </ClInclude>
    <ClInclude Include="..\..\..\include\bb\BinaryModulation.h">
      <Filter>ヘッダファイル</Filter>
    </ClInclude>
    <ClInclude Include="..\..\..\include\bb\BinaryScaling.h">
      <Filter>ヘッダファイル</Filter>
    </ClInclude>
    <ClInclude Include="..\..\..\include\bb\BinaryToReal.h">
      <Filter>ヘッダファイル</Filter>
    </ClInclude>
    <ClInclude Include="..\..\..\include\bb\ConcatenateCoefficient.h">
      <Filter>ヘッダファイル</Filter>
    </ClInclude>
    <ClInclude Include="..\..\..\include\bb\ConnectionTable.h">
      <Filter>ヘッダファイル</Filter>
    </ClInclude>
    <ClInclude Include="..\..\..\include\bb\ConvolutionCol2Im.h">
      <Filter>ヘッダファイル</Filter>
    </ClInclude>
    <ClInclude Include="..\..\..\include\bb\ConvolutionIm2Col.h">
      <Filter>ヘッダファイル</Filter>
    </ClInclude>
    <ClInclude Include="..\..\..\include\bb\CudaUtility.h">
      <Filter>ヘッダファイル</Filter>
    </ClInclude>
    <ClInclude Include="..\..\..\include\bb\DataAugmentationMnist.h">
      <Filter>ヘッダファイル</Filter>
    </ClInclude>
    <ClInclude Include="..\..\..\include\bb\DataType.h">
      <Filter>ヘッダファイル</Filter>
    </ClInclude>
    <ClInclude Include="..\..\..\include\bb\DenseAffine.h">
      <Filter>ヘッダファイル</Filter>
    </ClInclude>
    <ClInclude Include="..\..\..\include\bb\Dropout.h">
      <Filter>ヘッダファイル</Filter>
    </ClInclude>
    <ClInclude Include="..\..\..\include\bb\ExportVerilog.h">
      <Filter>ヘッダファイル</Filter>
    </ClInclude>
    <ClInclude Include="..\..\..\include\bb\Filter2d.h">
      <Filter>ヘッダファイル</Filter>
    </ClInclude>
    <ClInclude Include="..\..\..\include\bb\FixedSizeConnectionTable.h">
      <Filter>ヘッダファイル</Filter>
    </ClInclude>
    <ClInclude Include="..\..\..\include\bb\FrameBuffer.h">
      <Filter>ヘッダファイル</Filter>
    </ClInclude>
    <ClInclude Include="..\..\..\include\bb\HardTanh.h">
      <Filter>ヘッダファイル</Filter>
    </ClInclude>
    <ClInclude Include="..\..\..\include\bb\LoadCifar10.h">
      <Filter>ヘッダファイル</Filter>
    </ClInclude>
    <ClInclude Include="..\..\..\include\bb\LoadMnist.h">
      <Filter>ヘッダファイル</Filter>
    </ClInclude>
    <ClInclude Include="..\..\..\include\bb\LoadXor.h">
      <Filter>ヘッダファイル</Filter>
    </ClInclude>
    <ClInclude Include="..\..\..\include\bb\LossFunction.h">
      <Filter>ヘッダファイル</Filter>
    </ClInclude>
    <ClInclude Include="..\..\..\include\bb\LossMeanSquaredError.h">
      <Filter>ヘッダファイル</Filter>
    </ClInclude>
    <ClInclude Include="..\..\..\include\bb\LossSoftmaxCrossEntropy.h">
      <Filter>ヘッダファイル</Filter>
    </ClInclude>
    <ClInclude Include="..\..\..\include\bb\Manager.h">
      <Filter>ヘッダファイル</Filter>
    </ClInclude>
    <ClInclude Include="..\..\..\include\bb\MaxPooling.h">
      <Filter>ヘッダファイル</Filter>
    </ClInclude>
    <ClInclude Include="..\..\..\include\bb\Memory.h">
      <Filter>ヘッダファイル</Filter>
    </ClInclude>
    <ClInclude Include="..\..\..\include\bb\MetricsBinaryAccuracy.h">
      <Filter>ヘッダファイル</Filter>
    </ClInclude>
    <ClInclude Include="..\..\..\include\bb\MetricsCategoricalAccuracy.h">
      <Filter>ヘッダファイル</Filter>
    </ClInclude>
    <ClInclude Include="..\..\..\include\bb\MetricsFunction.h">
      <Filter>ヘッダファイル</Filter>
    </ClInclude>
    <ClInclude Include="..\..\..\include\bb\MetricsMeanSquaredError.h">
      <Filter>ヘッダファイル</Filter>
    </ClInclude>
    <ClInclude Include="..\..\..\include\bb\MicroMlp.h">
      <Filter>ヘッダファイル</Filter>
    </ClInclude>
    <ClInclude Include="..\..\..\include\bb\MicroMlpAffine.h">
      <Filter>ヘッダファイル</Filter>
    </ClInclude>
    <ClInclude Include="..\..\..\include\bb\Model.h">
      <Filter>ヘッダファイル</Filter>
    </ClInclude>
    <ClInclude Include="..\..\..\include\bb\NormalDistributionGenerator.h">
      <Filter>ヘッダファイル</Filter>
    </ClInclude>
    <ClInclude Include="..\..\..\include\bb\Optimizer.h">
      <Filter>ヘッダファイル</Filter>
    </ClInclude>
    <ClInclude Include="..\..\..\include\bb\OptimizerAdaGrad.h">
      <Filter>ヘッダファイル</Filter>
    </ClInclude>
    <ClInclude Include="..\..\..\include\bb\OptimizerAdam.h">
      <Filter>ヘッダファイル</Filter>
    </ClInclude>
    <ClInclude Include="..\..\..\include\bb\OptimizerSgd.h">
      <Filter>ヘッダファイル</Filter>
    </ClInclude>
    <ClInclude Include="..\..\..\include\bb\PnmImage.h">
      <Filter>ヘッダファイル</Filter>
    </ClInclude>
    <ClInclude Include="..\..\..\include\bb\RealToBinary.h">
      <Filter>ヘッダファイル</Filter>
    </ClInclude>
    <ClInclude Include="..\..\..\include\bb\Reduce.h">
      <Filter>ヘッダファイル</Filter>
    </ClInclude>
    <ClInclude Include="..\..\..\include\bb\ReLU.h">
      <Filter>ヘッダファイル</Filter>
    </ClInclude>
    <ClInclude Include="..\..\..\include\bb\Runner.h">
      <Filter>ヘッダファイル</Filter>
    </ClInclude>
    <ClInclude Include="..\..\..\include\bb\Sequential.h">
      <Filter>ヘッダファイル</Filter>
    </ClInclude>
    <ClInclude Include="..\..\..\include\bb\ShuffleModulation.h">
      <Filter>ヘッダファイル</Filter>
    </ClInclude>
    <ClInclude Include="..\..\..\include\bb\ShuffleSet.h">
      <Filter>ヘッダファイル</Filter>
    </ClInclude>
    <ClInclude Include="..\..\..\include\bb\Sigmoid.h">
      <Filter>ヘッダファイル</Filter>
    </ClInclude>
    <ClInclude Include="..\..\..\include\bb\SimdSupport.h">
      <Filter>ヘッダファイル</Filter>
    </ClInclude>
    <ClInclude Include="..\..\..\include\bb\SparseBinaryLutN.h">
      <Filter>ヘッダファイル</Filter>
    </ClInclude>
    <ClInclude Include="..\..\..\include\bb\SparseLayer.h">
      <Filter>ヘッダファイル</Filter>
    </ClInclude>
    <ClInclude Include="..\..\..\include\bb\SparseLutDiscreteN.h">
      <Filter>ヘッダファイル</Filter>
    </ClInclude>
    <ClInclude Include="..\..\..\include\bb\StochasticBatchNormalization.h">
      <Filter>ヘッダファイル</Filter>
    </ClInclude>
    <ClInclude Include="..\..\..\include\bb\StochasticLutN.h">
      <Filter>ヘッダファイル</Filter>
    </ClInclude>
    <ClInclude Include="..\..\..\include\bb\StochasticLutSimd.h">
      <Filter>ヘッダファイル</Filter>
    </ClInclude>
    <ClInclude Include="..\..\..\include\bb\StochasticMaxPooling.h">
      <Filter>ヘッダファイル</Filter>
    </ClInclude>
    <ClInclude Include="..\..\..\include\bb\StochasticMaxPooling2x2.h">
      <Filter>ヘッダファイル</Filter>
    </ClInclude>
    <ClInclude Include="..\..\..\include\bb\StochasticOperation.h">
      <Filter>ヘッダファイル</Filter>
    </ClInclude>
    <ClInclude Include="..\..\..\include\bb\Tensor.h">
      <Filter>ヘッダファイル</Filter>
    </ClInclude>
    <ClInclude Include="..\..\..\include\bb\TensorOperator.h">
      <Filter>ヘッダファイル</Filter>
    </ClInclude>
    <ClInclude Include="..\..\..\include\bb\UniformDistributionGenerator.h">
      <Filter>ヘッダファイル</Filter>
    </ClInclude>
    <ClInclude Include="..\..\..\include\bb\UpSampling.h">
      <Filter>ヘッダファイル</Filter>
    </ClInclude>
    <ClInclude Include="..\..\..\include\bb\Utility.h">
      <Filter>ヘッダファイル</Filter>
    </ClInclude>
    <ClInclude Include="..\..\..\include\bb\ValueGenerator.h">
      <Filter>ヘッダファイル</Filter>
    </ClInclude>
    <ClInclude Include="..\..\..\include\bb\DifferentiableLutN.h">
      <Filter>ヘッダファイル</Filter>
    </ClInclude>
    <ClInclude Include="..\..\..\include\bb\DifferentiableLutDiscreteN.h">
      <Filter>ヘッダファイル</Filter>
    </ClInclude>
    <ClInclude Include="..\..\..\include\bb\LutModel.h">
      <Filter>ヘッダファイル</Filter>
    </ClInclude>
    <ClInclude Include="..\..\..\include\bb\SparseModel.h">
      <Filter>ヘッダファイル</Filter>
    </ClInclude>
  </ItemGroup>
</Project>